// !$*UTF8*$!
{
	archiveVersion = 1;
	classes = {
	};
	objectVersion = 46;
	objects = {

/* Begin PBXBuildFile section */
		4A7461464AB5514C81A0DFE7 /* Pods_movieGuideUITests.framework in Frameworks */ = {isa = PBXBuildFile; fileRef = 83208EF1CC5FC2FA8B93ADF0 /* Pods_movieGuideUITests.framework */; };
		4FD458AFECFA878119993263 /* Pods_movieGuide.framework in Frameworks */ = {isa = PBXBuildFile; fileRef = 76D66D81D83AA3209CB057C8 /* Pods_movieGuide.framework */; };
		94560687278A00F83638E8FC /* Pods_movieGuideTests.framework in Frameworks */ = {isa = PBXBuildFile; fileRef = 0A2B7927ECC0D2E3BCE56DC5 /* Pods_movieGuideTests.framework */; };
		CD21A5C11EFB120100673AE9 /* AppDelegate.swift in Sources */ = {isa = PBXBuildFile; fileRef = CD21A5C01EFB120100673AE9 /* AppDelegate.swift */; };
		CD21A5C61EFB120100673AE9 /* Main.storyboard in Resources */ = {isa = PBXBuildFile; fileRef = CD21A5C41EFB120100673AE9 /* Main.storyboard */; };
		CD21A5C81EFB120200673AE9 /* Assets.xcassets in Resources */ = {isa = PBXBuildFile; fileRef = CD21A5C71EFB120200673AE9 /* Assets.xcassets */; };
		CD21A5CB1EFB120200673AE9 /* LaunchScreen.storyboard in Resources */ = {isa = PBXBuildFile; fileRef = CD21A5C91EFB120200673AE9 /* LaunchScreen.storyboard */; };
		CD21A5D61EFB120200673AE9 /* movieGuideTests.swift in Sources */ = {isa = PBXBuildFile; fileRef = CD21A5D51EFB120200673AE9 /* movieGuideTests.swift */; };
		CD21A5E11EFB120200673AE9 /* movieGuideUITests.swift in Sources */ = {isa = PBXBuildFile; fileRef = CD21A5E01EFB120200673AE9 /* movieGuideUITests.swift */; };
		CD76CF571EFB1D64007CCC11 /* NowPlayingViewController.swift in Sources */ = {isa = PBXBuildFile; fileRef = CD76CF561EFB1D64007CCC11 /* NowPlayingViewController.swift */; };
		CD76CF591EFB2D1D007CCC11 /* MovieCell.swift in Sources */ = {isa = PBXBuildFile; fileRef = CD76CF581EFB2D1D007CCC11 /* MovieCell.swift */; };
		CD7CE8C11EFB44A200C5EF21 /* DetailViewController.swift in Sources */ = {isa = PBXBuildFile; fileRef = CD7CE8C01EFB44A200C5EF21 /* DetailViewController.swift */; };
		CD7CE9051EFDC48500C5EF21 /* PosterCell.swift in Sources */ = {isa = PBXBuildFile; fileRef = CD7CE9041EFDC48500C5EF21 /* PosterCell.swift */; };
		CD7CE9071EFDC4BF00C5EF21 /* PopularViewController.swift in Sources */ = {isa = PBXBuildFile; fileRef = CD7CE9061EFDC4BF00C5EF21 /* PopularViewController.swift */; };
		CD7CE9091EFDD16C00C5EF21 /* PopularDetailViewController.swift in Sources */ = {isa = PBXBuildFile; fileRef = CD7CE9081EFDD16C00C5EF21 /* PopularDetailViewController.swift */; };
/* End PBXBuildFile section */

/* Begin PBXContainerItemProxy section */
		CD21A5D21EFB120200673AE9 /* PBXContainerItemProxy */ = {
			isa = PBXContainerItemProxy;
			containerPortal = CD21A5B51EFB120100673AE9 /* Project object */;
			proxyType = 1;
			remoteGlobalIDString = CD21A5BC1EFB120100673AE9;
			remoteInfo = movieGuide;
		};
		CD21A5DD1EFB120200673AE9 /* PBXContainerItemProxy */ = {
			isa = PBXContainerItemProxy;
			containerPortal = CD21A5B51EFB120100673AE9 /* Project object */;
			proxyType = 1;
			remoteGlobalIDString = CD21A5BC1EFB120100673AE9;
			remoteInfo = movieGuide;
		};
/* End PBXContainerItemProxy section */

/* Begin PBXFileReference section */
		0452E301DC8511D28B9233EB /* Pods-movieGuideUITests.release.xcconfig */ = {isa = PBXFileReference; includeInIndex = 1; lastKnownFileType = text.xcconfig; name = "Pods-movieGuideUITests.release.xcconfig"; path = "Pods/Target Support Files/Pods-movieGuideUITests/Pods-movieGuideUITests.release.xcconfig"; sourceTree = "<group>"; };
		0A2B7927ECC0D2E3BCE56DC5 /* Pods_movieGuideTests.framework */ = {isa = PBXFileReference; explicitFileType = wrapper.framework; includeInIndex = 0; path = Pods_movieGuideTests.framework; sourceTree = BUILT_PRODUCTS_DIR; };
		69D9B3373244D70336A05160 /* Pods-movieGuide.release.xcconfig */ = {isa = PBXFileReference; includeInIndex = 1; lastKnownFileType = text.xcconfig; name = "Pods-movieGuide.release.xcconfig"; path = "Pods/Target Support Files/Pods-movieGuide/Pods-movieGuide.release.xcconfig"; sourceTree = "<group>"; };
		76D66D81D83AA3209CB057C8 /* Pods_movieGuide.framework */ = {isa = PBXFileReference; explicitFileType = wrapper.framework; includeInIndex = 0; path = Pods_movieGuide.framework; sourceTree = BUILT_PRODUCTS_DIR; };
		83208EF1CC5FC2FA8B93ADF0 /* Pods_movieGuideUITests.framework */ = {isa = PBXFileReference; explicitFileType = wrapper.framework; includeInIndex = 0; path = Pods_movieGuideUITests.framework; sourceTree = BUILT_PRODUCTS_DIR; };
		891A04323FA12D4C6420DBC6 /* Pods-movieGuideTests.debug.xcconfig */ = {isa = PBXFileReference; includeInIndex = 1; lastKnownFileType = text.xcconfig; name = "Pods-movieGuideTests.debug.xcconfig"; path = "Pods/Target Support Files/Pods-movieGuideTests/Pods-movieGuideTests.debug.xcconfig"; sourceTree = "<group>"; };
		8BEAFA633147BE7CA4256030 /* Pods-movieGuideUITests.debug.xcconfig */ = {isa = PBXFileReference; includeInIndex = 1; lastKnownFileType = text.xcconfig; name = "Pods-movieGuideUITests.debug.xcconfig"; path = "Pods/Target Support Files/Pods-movieGuideUITests/Pods-movieGuideUITests.debug.xcconfig"; sourceTree = "<group>"; };
		90BC00EA7072B4D09842D93C /* Pods-movieGuideTests.release.xcconfig */ = {isa = PBXFileReference; includeInIndex = 1; lastKnownFileType = text.xcconfig; name = "Pods-movieGuideTests.release.xcconfig"; path = "Pods/Target Support Files/Pods-movieGuideTests/Pods-movieGuideTests.release.xcconfig"; sourceTree = "<group>"; };
		A9E972086D12A6E31BC90DE9 /* Pods-movieGuide.debug.xcconfig */ = {isa = PBXFileReference; includeInIndex = 1; lastKnownFileType = text.xcconfig; name = "Pods-movieGuide.debug.xcconfig"; path = "Pods/Target Support Files/Pods-movieGuide/Pods-movieGuide.debug.xcconfig"; sourceTree = "<group>"; };
		CD21A5BD1EFB120100673AE9 /* movieGuide.app */ = {isa = PBXFileReference; explicitFileType = wrapper.application; includeInIndex = 0; path = movieGuide.app; sourceTree = BUILT_PRODUCTS_DIR; };
		CD21A5C01EFB120100673AE9 /* AppDelegate.swift */ = {isa = PBXFileReference; lastKnownFileType = sourcecode.swift; path = AppDelegate.swift; sourceTree = "<group>"; };
		CD21A5C51EFB120100673AE9 /* Base */ = {isa = PBXFileReference; lastKnownFileType = file.storyboard; name = Base; path = Base.lproj/Main.storyboard; sourceTree = "<group>"; };
		CD21A5C71EFB120200673AE9 /* Assets.xcassets */ = {isa = PBXFileReference; lastKnownFileType = folder.assetcatalog; path = Assets.xcassets; sourceTree = "<group>"; };
		CD21A5CA1EFB120200673AE9 /* Base */ = {isa = PBXFileReference; lastKnownFileType = file.storyboard; name = Base; path = Base.lproj/LaunchScreen.storyboard; sourceTree = "<group>"; };
		CD21A5CC1EFB120200673AE9 /* Info.plist */ = {isa = PBXFileReference; lastKnownFileType = text.plist.xml; path = Info.plist; sourceTree = "<group>"; };
		CD21A5D11EFB120200673AE9 /* movieGuideTests.xctest */ = {isa = PBXFileReference; explicitFileType = wrapper.cfbundle; includeInIndex = 0; path = movieGuideTests.xctest; sourceTree = BUILT_PRODUCTS_DIR; };
		CD21A5D51EFB120200673AE9 /* movieGuideTests.swift */ = {isa = PBXFileReference; lastKnownFileType = sourcecode.swift; path = movieGuideTests.swift; sourceTree = "<group>"; };
		CD21A5D71EFB120200673AE9 /* Info.plist */ = {isa = PBXFileReference; lastKnownFileType = text.plist.xml; path = Info.plist; sourceTree = "<group>"; };
		CD21A5DC1EFB120200673AE9 /* movieGuideUITests.xctest */ = {isa = PBXFileReference; explicitFileType = wrapper.cfbundle; includeInIndex = 0; path = movieGuideUITests.xctest; sourceTree = BUILT_PRODUCTS_DIR; };
		CD21A5E01EFB120200673AE9 /* movieGuideUITests.swift */ = {isa = PBXFileReference; lastKnownFileType = sourcecode.swift; path = movieGuideUITests.swift; sourceTree = "<group>"; };
		CD21A5E21EFB120200673AE9 /* Info.plist */ = {isa = PBXFileReference; lastKnownFileType = text.plist.xml; path = Info.plist; sourceTree = "<group>"; };
		CD76CF561EFB1D64007CCC11 /* NowPlayingViewController.swift */ = {isa = PBXFileReference; fileEncoding = 4; lastKnownFileType = sourcecode.swift; path = NowPlayingViewController.swift; sourceTree = "<group>"; };
		CD76CF581EFB2D1D007CCC11 /* MovieCell.swift */ = {isa = PBXFileReference; fileEncoding = 4; lastKnownFileType = sourcecode.swift; path = MovieCell.swift; sourceTree = "<group>"; };
		CD7CE8C01EFB44A200C5EF21 /* DetailViewController.swift */ = {isa = PBXFileReference; fileEncoding = 4; lastKnownFileType = sourcecode.swift; path = DetailViewController.swift; sourceTree = "<group>"; };
		CD7CE9041EFDC48500C5EF21 /* PosterCell.swift */ = {isa = PBXFileReference; fileEncoding = 4; lastKnownFileType = sourcecode.swift; path = PosterCell.swift; sourceTree = "<group>"; };
		CD7CE9061EFDC4BF00C5EF21 /* PopularViewController.swift */ = {isa = PBXFileReference; fileEncoding = 4; lastKnownFileType = sourcecode.swift; path = PopularViewController.swift; sourceTree = "<group>"; };
		CD7CE9081EFDD16C00C5EF21 /* PopularDetailViewController.swift */ = {isa = PBXFileReference; fileEncoding = 4; lastKnownFileType = sourcecode.swift; path = PopularDetailViewController.swift; sourceTree = "<group>"; };
/* End PBXFileReference section */

/* Begin PBXFrameworksBuildPhase section */
		CD21A5BA1EFB120100673AE9 /* Frameworks */ = {
			isa = PBXFrameworksBuildPhase;
			buildActionMask = 2147483647;
			files = (
				4FD458AFECFA878119993263 /* Pods_movieGuide.framework in Frameworks */,
			);
			runOnlyForDeploymentPostprocessing = 0;
		};
		CD21A5CE1EFB120200673AE9 /* Frameworks */ = {
			isa = PBXFrameworksBuildPhase;
			buildActionMask = 2147483647;
			files = (
				94560687278A00F83638E8FC /* Pods_movieGuideTests.framework in Frameworks */,
			);
			runOnlyForDeploymentPostprocessing = 0;
		};
		CD21A5D91EFB120200673AE9 /* Frameworks */ = {
			isa = PBXFrameworksBuildPhase;
			buildActionMask = 2147483647;
			files = (
				4A7461464AB5514C81A0DFE7 /* Pods_movieGuideUITests.framework in Frameworks */,
			);
			runOnlyForDeploymentPostprocessing = 0;
		};
/* End PBXFrameworksBuildPhase section */

/* Begin PBXGroup section */
		7BE2CD45433D85CA46919933 /* Frameworks */ = {
			isa = PBXGroup;
			children = (
				76D66D81D83AA3209CB057C8 /* Pods_movieGuide.framework */,
				0A2B7927ECC0D2E3BCE56DC5 /* Pods_movieGuideTests.framework */,
				83208EF1CC5FC2FA8B93ADF0 /* Pods_movieGuideUITests.framework */,
			);
			name = Frameworks;
			sourceTree = "<group>";
		};
		953E0429323AE28BC48A0D2A /* Pods */ = {
			isa = PBXGroup;
			children = (
				A9E972086D12A6E31BC90DE9 /* Pods-movieGuide.debug.xcconfig */,
				69D9B3373244D70336A05160 /* Pods-movieGuide.release.xcconfig */,
				891A04323FA12D4C6420DBC6 /* Pods-movieGuideTests.debug.xcconfig */,
				90BC00EA7072B4D09842D93C /* Pods-movieGuideTests.release.xcconfig */,
				8BEAFA633147BE7CA4256030 /* Pods-movieGuideUITests.debug.xcconfig */,
				0452E301DC8511D28B9233EB /* Pods-movieGuideUITests.release.xcconfig */,
			);
			name = Pods;
			sourceTree = "<group>";
		};
		CD21A5B41EFB120100673AE9 = {
			isa = PBXGroup;
			children = (
				CD21A5BF1EFB120100673AE9 /* movieGuide */,
				CD21A5D41EFB120200673AE9 /* movieGuideTests */,
				CD21A5DF1EFB120200673AE9 /* movieGuideUITests */,
				CD21A5BE1EFB120100673AE9 /* Products */,
				953E0429323AE28BC48A0D2A /* Pods */,
				7BE2CD45433D85CA46919933 /* Frameworks */,
			);
			sourceTree = "<group>";
		};
		CD21A5BE1EFB120100673AE9 /* Products */ = {
			isa = PBXGroup;
			children = (
				CD21A5BD1EFB120100673AE9 /* movieGuide.app */,
				CD21A5D11EFB120200673AE9 /* movieGuideTests.xctest */,
				CD21A5DC1EFB120200673AE9 /* movieGuideUITests.xctest */,
			);
			name = Products;
			sourceTree = "<group>";
		};
		CD21A5BF1EFB120100673AE9 /* movieGuide */ = {
			isa = PBXGroup;
			children = (
				CD7CE8BF1EFB445800C5EF21 /* Views */,
				CD7CE8BE1EFB444900C5EF21 /* ViewControllers */,
				CD21A5C01EFB120100673AE9 /* AppDelegate.swift */,
				CD21A5C41EFB120100673AE9 /* Main.storyboard */,
				CD21A5C71EFB120200673AE9 /* Assets.xcassets */,
				CD21A5C91EFB120200673AE9 /* LaunchScreen.storyboard */,
				CD21A5CC1EFB120200673AE9 /* Info.plist */,
			);
			path = movieGuide;
			sourceTree = "<group>";
		};
		CD21A5D41EFB120200673AE9 /* movieGuideTests */ = {
			isa = PBXGroup;
			children = (
				CD21A5D51EFB120200673AE9 /* movieGuideTests.swift */,
				CD21A5D71EFB120200673AE9 /* Info.plist */,
			);
			path = movieGuideTests;
			sourceTree = "<group>";
		};
		CD21A5DF1EFB120200673AE9 /* movieGuideUITests */ = {
			isa = PBXGroup;
			children = (
				CD21A5E01EFB120200673AE9 /* movieGuideUITests.swift */,
				CD21A5E21EFB120200673AE9 /* Info.plist */,
			);
			path = movieGuideUITests;
			sourceTree = "<group>";
		};
		CD7CE8BE1EFB444900C5EF21 /* ViewControllers */ = {
			isa = PBXGroup;
			children = (
				CD76CF561EFB1D64007CCC11 /* NowPlayingViewController.swift */,
				CD7CE8C01EFB44A200C5EF21 /* DetailViewController.swift */,
				CD7CE9061EFDC4BF00C5EF21 /* PopularViewController.swift */,
				CD7CE9081EFDD16C00C5EF21 /* PopularDetailViewController.swift */,
			);
			name = ViewControllers;
			sourceTree = "<group>";
		};
		CD7CE8BF1EFB445800C5EF21 /* Views */ = {
			isa = PBXGroup;
			children = (
				CD76CF581EFB2D1D007CCC11 /* MovieCell.swift */,
				CD7CE9041EFDC48500C5EF21 /* PosterCell.swift */,
			);
			name = Views;
			sourceTree = "<group>";
		};
/* End PBXGroup section */

/* Begin PBXNativeTarget section */
		CD21A5BC1EFB120100673AE9 /* movieGuide */ = {
			isa = PBXNativeTarget;
			buildConfigurationList = CD21A5E51EFB120200673AE9 /* Build configuration list for PBXNativeTarget "movieGuide" */;
			buildPhases = (
				8359484233D9B7FE914A1E58 /* [CP] Check Pods Manifest.lock */,
				CD21A5B91EFB120100673AE9 /* Sources */,
				CD21A5BA1EFB120100673AE9 /* Frameworks */,
				CD21A5BB1EFB120100673AE9 /* Resources */,
				DC4C005A11C16C47A0EE7EEE /* [CP] Embed Pods Frameworks */,
				0B9DCC6479E33C3336685CA1 /* [CP] Copy Pods Resources */,
			);
			buildRules = (
			);
			dependencies = (
			);
			name = movieGuide;
			productName = movieGuide;
			productReference = CD21A5BD1EFB120100673AE9 /* movieGuide.app */;
			productType = "com.apple.product-type.application";
		};
		CD21A5D01EFB120200673AE9 /* movieGuideTests */ = {
			isa = PBXNativeTarget;
			buildConfigurationList = CD21A5E81EFB120200673AE9 /* Build configuration list for PBXNativeTarget "movieGuideTests" */;
			buildPhases = (
				7E859AD545BFBA8688CF6F75 /* [CP] Check Pods Manifest.lock */,
				CD21A5CD1EFB120200673AE9 /* Sources */,
				CD21A5CE1EFB120200673AE9 /* Frameworks */,
				CD21A5CF1EFB120200673AE9 /* Resources */,
				D4B2F0638D2153D6B2113452 /* [CP] Embed Pods Frameworks */,
				5B474FC1780D238BBB8224F9 /* [CP] Copy Pods Resources */,
			);
			buildRules = (
			);
			dependencies = (
				CD21A5D31EFB120200673AE9 /* PBXTargetDependency */,
			);
			name = movieGuideTests;
			productName = movieGuideTests;
			productReference = CD21A5D11EFB120200673AE9 /* movieGuideTests.xctest */;
			productType = "com.apple.product-type.bundle.unit-test";
		};
		CD21A5DB1EFB120200673AE9 /* movieGuideUITests */ = {
			isa = PBXNativeTarget;
			buildConfigurationList = CD21A5EB1EFB120200673AE9 /* Build configuration list for PBXNativeTarget "movieGuideUITests" */;
			buildPhases = (
				EADD46DEE4316FDBE616B60C /* [CP] Check Pods Manifest.lock */,
				CD21A5D81EFB120200673AE9 /* Sources */,
				CD21A5D91EFB120200673AE9 /* Frameworks */,
				CD21A5DA1EFB120200673AE9 /* Resources */,
				0E9772BDEC9119AAEC8B9354 /* [CP] Embed Pods Frameworks */,
				08B55D4FE6A84155F74C1ADF /* [CP] Copy Pods Resources */,
			);
			buildRules = (
			);
			dependencies = (
				CD21A5DE1EFB120200673AE9 /* PBXTargetDependency */,
			);
			name = movieGuideUITests;
			productName = movieGuideUITests;
			productReference = CD21A5DC1EFB120200673AE9 /* movieGuideUITests.xctest */;
			productType = "com.apple.product-type.bundle.ui-testing";
		};
/* End PBXNativeTarget section */

/* Begin PBXProject section */
		CD21A5B51EFB120100673AE9 /* Project object */ = {
			isa = PBXProject;
			attributes = {
				LastSwiftUpdateCheck = 0830;
				LastUpgradeCheck = 0830;
				ORGANIZATIONNAME = "Alina Abidi";
				TargetAttributes = {
					CD21A5BC1EFB120100673AE9 = {
						CreatedOnToolsVersion = 8.3.2;
						ProvisioningStyle = Automatic;
					};
					CD21A5D01EFB120200673AE9 = {
						CreatedOnToolsVersion = 8.3.2;
						ProvisioningStyle = Automatic;
						TestTargetID = CD21A5BC1EFB120100673AE9;
					};
					CD21A5DB1EFB120200673AE9 = {
						CreatedOnToolsVersion = 8.3.2;
						ProvisioningStyle = Automatic;
						TestTargetID = CD21A5BC1EFB120100673AE9;
					};
				};
			};
			buildConfigurationList = CD21A5B81EFB120100673AE9 /* Build configuration list for PBXProject "movieGuide" */;
			compatibilityVersion = "Xcode 3.2";
			developmentRegion = English;
			hasScannedForEncodings = 0;
			knownRegions = (
				en,
				Base,
			);
			mainGroup = CD21A5B41EFB120100673AE9;
			productRefGroup = CD21A5BE1EFB120100673AE9 /* Products */;
			projectDirPath = "";
			projectRoot = "";
			targets = (
				CD21A5BC1EFB120100673AE9 /* movieGuide */,
				CD21A5D01EFB120200673AE9 /* movieGuideTests */,
				CD21A5DB1EFB120200673AE9 /* movieGuideUITests */,
			);
		};
/* End PBXProject section */

/* Begin PBXResourcesBuildPhase section */
		CD21A5BB1EFB120100673AE9 /* Resources */ = {
			isa = PBXResourcesBuildPhase;
			buildActionMask = 2147483647;
			files = (
				CD21A5CB1EFB120200673AE9 /* LaunchScreen.storyboard in Resources */,
				CD21A5C81EFB120200673AE9 /* Assets.xcassets in Resources */,
				CD21A5C61EFB120100673AE9 /* Main.storyboard in Resources */,
			);
			runOnlyForDeploymentPostprocessing = 0;
		};
		CD21A5CF1EFB120200673AE9 /* Resources */ = {
			isa = PBXResourcesBuildPhase;
			buildActionMask = 2147483647;
			files = (
			);
			runOnlyForDeploymentPostprocessing = 0;
		};
		CD21A5DA1EFB120200673AE9 /* Resources */ = {
			isa = PBXResourcesBuildPhase;
			buildActionMask = 2147483647;
			files = (
			);
			runOnlyForDeploymentPostprocessing = 0;
		};
/* End PBXResourcesBuildPhase section */

/* Begin PBXShellScriptBuildPhase section */
		08B55D4FE6A84155F74C1ADF /* [CP] Copy Pods Resources */ = {
			isa = PBXShellScriptBuildPhase;
			buildActionMask = 2147483647;
			files = (
			);
			inputPaths = (
			);
			name = "[CP] Copy Pods Resources";
			outputPaths = (
			);
			runOnlyForDeploymentPostprocessing = 0;
			shellPath = /bin/sh;
			shellScript = "\"${SRCROOT}/Pods/Target Support Files/Pods-movieGuideUITests/Pods-movieGuideUITests-resources.sh\"\n";
			showEnvVarsInLog = 0;
		};
		0B9DCC6479E33C3336685CA1 /* [CP] Copy Pods Resources */ = {
			isa = PBXShellScriptBuildPhase;
			buildActionMask = 2147483647;
			files = (
			);
			inputPaths = (
			);
			name = "[CP] Copy Pods Resources";
			outputPaths = (
			);
			runOnlyForDeploymentPostprocessing = 0;
			shellPath = /bin/sh;
			shellScript = "\"${SRCROOT}/Pods/Target Support Files/Pods-movieGuide/Pods-movieGuide-resources.sh\"\n";
			showEnvVarsInLog = 0;
		};
		0E9772BDEC9119AAEC8B9354 /* [CP] Embed Pods Frameworks */ = {
			isa = PBXShellScriptBuildPhase;
			buildActionMask = 2147483647;
			files = (
			);
			inputPaths = (
			);
			name = "[CP] Embed Pods Frameworks";
			outputPaths = (
			);
			runOnlyForDeploymentPostprocessing = 0;
			shellPath = /bin/sh;
			shellScript = "\"${SRCROOT}/Pods/Target Support Files/Pods-movieGuideUITests/Pods-movieGuideUITests-frameworks.sh\"\n";
			showEnvVarsInLog = 0;
		};
		5B474FC1780D238BBB8224F9 /* [CP] Copy Pods Resources */ = {
			isa = PBXShellScriptBuildPhase;
			buildActionMask = 2147483647;
			files = (
			);
			inputPaths = (
			);
			name = "[CP] Copy Pods Resources";
			outputPaths = (
			);
			runOnlyForDeploymentPostprocessing = 0;
			shellPath = /bin/sh;
			shellScript = "\"${SRCROOT}/Pods/Target Support Files/Pods-movieGuideTests/Pods-movieGuideTests-resources.sh\"\n";
			showEnvVarsInLog = 0;
		};
		7E859AD545BFBA8688CF6F75 /* [CP] Check Pods Manifest.lock */ = {
			isa = PBXShellScriptBuildPhase;
			buildActionMask = 2147483647;
			files = (
			);
			inputPaths = (
			);
			name = "[CP] Check Pods Manifest.lock";
			outputPaths = (
			);
			runOnlyForDeploymentPostprocessing = 0;
			shellPath = /bin/sh;
			shellScript = "diff \"${PODS_PODFILE_DIR_PATH}/Podfile.lock\" \"${PODS_ROOT}/Manifest.lock\" > /dev/null\nif [ $? != 0 ] ; then\n    # print error to STDERR\n    echo \"error: The sandbox is not in sync with the Podfile.lock. Run 'pod install' or update your CocoaPods installation.\" >&2\n    exit 1\nfi\n";
			showEnvVarsInLog = 0;
		};
		8359484233D9B7FE914A1E58 /* [CP] Check Pods Manifest.lock */ = {
			isa = PBXShellScriptBuildPhase;
			buildActionMask = 2147483647;
			files = (
			);
			inputPaths = (
			);
			name = "[CP] Check Pods Manifest.lock";
			outputPaths = (
			);
			runOnlyForDeploymentPostprocessing = 0;
			shellPath = /bin/sh;
			shellScript = "diff \"${PODS_PODFILE_DIR_PATH}/Podfile.lock\" \"${PODS_ROOT}/Manifest.lock\" > /dev/null\nif [ $? != 0 ] ; then\n    # print error to STDERR\n    echo \"error: The sandbox is not in sync with the Podfile.lock. Run 'pod install' or update your CocoaPods installation.\" >&2\n    exit 1\nfi\n";
			showEnvVarsInLog = 0;
		};
		D4B2F0638D2153D6B2113452 /* [CP] Embed Pods Frameworks */ = {
			isa = PBXShellScriptBuildPhase;
			buildActionMask = 2147483647;
			files = (
			);
			inputPaths = (
			);
			name = "[CP] Embed Pods Frameworks";
			outputPaths = (
			);
			runOnlyForDeploymentPostprocessing = 0;
			shellPath = /bin/sh;
			shellScript = "\"${SRCROOT}/Pods/Target Support Files/Pods-movieGuideTests/Pods-movieGuideTests-frameworks.sh\"\n";
			showEnvVarsInLog = 0;
		};
		DC4C005A11C16C47A0EE7EEE /* [CP] Embed Pods Frameworks */ = {
			isa = PBXShellScriptBuildPhase;
			buildActionMask = 2147483647;
			files = (
			);
			inputPaths = (
			);
			name = "[CP] Embed Pods Frameworks";
			outputPaths = (
			);
			runOnlyForDeploymentPostprocessing = 0;
			shellPath = /bin/sh;
			shellScript = "\"${SRCROOT}/Pods/Target Support Files/Pods-movieGuide/Pods-movieGuide-frameworks.sh\"\n";
			showEnvVarsInLog = 0;
		};
		EADD46DEE4316FDBE616B60C /* [CP] Check Pods Manifest.lock */ = {
			isa = PBXShellScriptBuildPhase;
			buildActionMask = 2147483647;
			files = (
			);
			inputPaths = (
			);
			name = "[CP] Check Pods Manifest.lock";
			outputPaths = (
			);
			runOnlyForDeploymentPostprocessing = 0;
			shellPath = /bin/sh;
			shellScript = "diff \"${PODS_PODFILE_DIR_PATH}/Podfile.lock\" \"${PODS_ROOT}/Manifest.lock\" > /dev/null\nif [ $? != 0 ] ; then\n    # print error to STDERR\n    echo \"error: The sandbox is not in sync with the Podfile.lock. Run 'pod install' or update your CocoaPods installation.\" >&2\n    exit 1\nfi\n";
			showEnvVarsInLog = 0;
		};
/* End PBXShellScriptBuildPhase section */

/* Begin PBXSourcesBuildPhase section */
		CD21A5B91EFB120100673AE9 /* Sources */ = {
			isa = PBXSourcesBuildPhase;
			buildActionMask = 2147483647;
			files = (
				CD7CE9071EFDC4BF00C5EF21 /* PopularViewController.swift in Sources */,
				CD76CF571EFB1D64007CCC11 /* NowPlayingViewController.swift in Sources */,
				CD7CE9091EFDD16C00C5EF21 /* PopularDetailViewController.swift in Sources */,
				CD7CE9051EFDC48500C5EF21 /* PosterCell.swift in Sources */,
				CD21A5C11EFB120100673AE9 /* AppDelegate.swift in Sources */,
				CD76CF591EFB2D1D007CCC11 /* MovieCell.swift in Sources */,
				CD7CE8C11EFB44A200C5EF21 /* DetailViewController.swift in Sources */,
			);
			runOnlyForDeploymentPostprocessing = 0;
		};
		CD21A5CD1EFB120200673AE9 /* Sources */ = {
			isa = PBXSourcesBuildPhase;
			buildActionMask = 2147483647;
			files = (
				CD21A5D61EFB120200673AE9 /* movieGuideTests.swift in Sources */,
			);
			runOnlyForDeploymentPostprocessing = 0;
		};
		CD21A5D81EFB120200673AE9 /* Sources */ = {
			isa = PBXSourcesBuildPhase;
			buildActionMask = 2147483647;
			files = (
				CD21A5E11EFB120200673AE9 /* movieGuideUITests.swift in Sources */,
			);
			runOnlyForDeploymentPostprocessing = 0;
		};
/* End PBXSourcesBuildPhase section */

/* Begin PBXTargetDependency section */
		CD21A5D31EFB120200673AE9 /* PBXTargetDependency */ = {
			isa = PBXTargetDependency;
			target = CD21A5BC1EFB120100673AE9 /* movieGuide */;
			targetProxy = CD21A5D21EFB120200673AE9 /* PBXContainerItemProxy */;
		};
		CD21A5DE1EFB120200673AE9 /* PBXTargetDependency */ = {
			isa = PBXTargetDependency;
			target = CD21A5BC1EFB120100673AE9 /* movieGuide */;
			targetProxy = CD21A5DD1EFB120200673AE9 /* PBXContainerItemProxy */;
		};
/* End PBXTargetDependency section */

/* Begin PBXVariantGroup section */
		CD21A5C41EFB120100673AE9 /* Main.storyboard */ = {
			isa = PBXVariantGroup;
			children = (
				CD21A5C51EFB120100673AE9 /* Base */,
			);
			name = Main.storyboard;
			sourceTree = "<group>";
		};
		CD21A5C91EFB120200673AE9 /* LaunchScreen.storyboard */ = {
			isa = PBXVariantGroup;
			children = (
				CD21A5CA1EFB120200673AE9 /* Base */,
			);
			name = LaunchScreen.storyboard;
			sourceTree = "<group>";
		};
/* End PBXVariantGroup section */

/* Begin XCBuildConfiguration section */
		CD21A5E31EFB120200673AE9 /* Debug */ = {
			isa = XCBuildConfiguration;
			buildSettings = {
				ALWAYS_SEARCH_USER_PATHS = NO;
				CLANG_ANALYZER_NONNULL = YES;
				CLANG_ANALYZER_NUMBER_OBJECT_CONVERSION = YES_AGGRESSIVE;
				CLANG_CXX_LANGUAGE_STANDARD = "gnu++0x";
				CLANG_CXX_LIBRARY = "libc++";
				CLANG_ENABLE_MODULES = YES;
				CLANG_ENABLE_OBJC_ARC = YES;
				CLANG_WARN_BOOL_CONVERSION = YES;
				CLANG_WARN_CONSTANT_CONVERSION = YES;
				CLANG_WARN_DIRECT_OBJC_ISA_USAGE = YES_ERROR;
				CLANG_WARN_DOCUMENTATION_COMMENTS = YES;
				CLANG_WARN_EMPTY_BODY = YES;
				CLANG_WARN_ENUM_CONVERSION = YES;
				CLANG_WARN_INFINITE_RECURSION = YES;
				CLANG_WARN_INT_CONVERSION = YES;
				CLANG_WARN_OBJC_ROOT_CLASS = YES_ERROR;
				CLANG_WARN_SUSPICIOUS_MOVE = YES;
				CLANG_WARN_UNREACHABLE_CODE = YES;
				CLANG_WARN__DUPLICATE_METHOD_MATCH = YES;
				"CODE_SIGN_IDENTITY[sdk=iphoneos*]" = "iPhone Developer";
				COPY_PHASE_STRIP = NO;
				DEBUG_INFORMATION_FORMAT = dwarf;
				ENABLE_STRICT_OBJC_MSGSEND = YES;
				ENABLE_TESTABILITY = YES;
				GCC_C_LANGUAGE_STANDARD = gnu99;
				GCC_DYNAMIC_NO_PIC = NO;
				GCC_NO_COMMON_BLOCKS = YES;
				GCC_OPTIMIZATION_LEVEL = 0;
				GCC_PREPROCESSOR_DEFINITIONS = (
					"DEBUG=1",
					"$(inherited)",
				);
				GCC_WARN_64_TO_32_BIT_CONVERSION = YES;
				GCC_WARN_ABOUT_RETURN_TYPE = YES_ERROR;
				GCC_WARN_UNDECLARED_SELECTOR = YES;
				GCC_WARN_UNINITIALIZED_AUTOS = YES_AGGRESSIVE;
				GCC_WARN_UNUSED_FUNCTION = YES;
				GCC_WARN_UNUSED_VARIABLE = YES;
				IPHONEOS_DEPLOYMENT_TARGET = 10.3;
				MTL_ENABLE_DEBUG_INFO = YES;
				ONLY_ACTIVE_ARCH = YES;
				SDKROOT = iphoneos;
				SWIFT_ACTIVE_COMPILATION_CONDITIONS = DEBUG;
				SWIFT_OPTIMIZATION_LEVEL = "-Onone";
			};
			name = Debug;
		};
		CD21A5E41EFB120200673AE9 /* Release */ = {
			isa = XCBuildConfiguration;
			buildSettings = {
				ALWAYS_SEARCH_USER_PATHS = NO;
				CLANG_ANALYZER_NONNULL = YES;
				CLANG_ANALYZER_NUMBER_OBJECT_CONVERSION = YES_AGGRESSIVE;
				CLANG_CXX_LANGUAGE_STANDARD = "gnu++0x";
				CLANG_CXX_LIBRARY = "libc++";
				CLANG_ENABLE_MODULES = YES;
				CLANG_ENABLE_OBJC_ARC = YES;
				CLANG_WARN_BOOL_CONVERSION = YES;
				CLANG_WARN_CONSTANT_CONVERSION = YES;
				CLANG_WARN_DIRECT_OBJC_ISA_USAGE = YES_ERROR;
				CLANG_WARN_DOCUMENTATION_COMMENTS = YES;
				CLANG_WARN_EMPTY_BODY = YES;
				CLANG_WARN_ENUM_CONVERSION = YES;
				CLANG_WARN_INFINITE_RECURSION = YES;
				CLANG_WARN_INT_CONVERSION = YES;
				CLANG_WARN_OBJC_ROOT_CLASS = YES_ERROR;
				CLANG_WARN_SUSPICIOUS_MOVE = YES;
				CLANG_WARN_UNREACHABLE_CODE = YES;
				CLANG_WARN__DUPLICATE_METHOD_MATCH = YES;
				"CODE_SIGN_IDENTITY[sdk=iphoneos*]" = "iPhone Developer";
				COPY_PHASE_STRIP = NO;
				DEBUG_INFORMATION_FORMAT = "dwarf-with-dsym";
				ENABLE_NS_ASSERTIONS = NO;
				ENABLE_STRICT_OBJC_MSGSEND = YES;
				GCC_C_LANGUAGE_STANDARD = gnu99;
				GCC_NO_COMMON_BLOCKS = YES;
				GCC_WARN_64_TO_32_BIT_CONVERSION = YES;
				GCC_WARN_ABOUT_RETURN_TYPE = YES_ERROR;
				GCC_WARN_UNDECLARED_SELECTOR = YES;
				GCC_WARN_UNINITIALIZED_AUTOS = YES_AGGRESSIVE;
				GCC_WARN_UNUSED_FUNCTION = YES;
				GCC_WARN_UNUSED_VARIABLE = YES;
				IPHONEOS_DEPLOYMENT_TARGET = 10.3;
				MTL_ENABLE_DEBUG_INFO = NO;
				SDKROOT = iphoneos;
				SWIFT_OPTIMIZATION_LEVEL = "-Owholemodule";
				VALIDATE_PRODUCT = YES;
			};
			name = Release;
		};
		CD21A5E61EFB120200673AE9 /* Debug */ = {
			isa = XCBuildConfiguration;
			baseConfigurationReference = A9E972086D12A6E31BC90DE9 /* Pods-movieGuide.debug.xcconfig */;
			buildSettings = {
				ASSETCATALOG_COMPILER_APPICON_NAME = AppIcon;
				INFOPLIST_FILE = movieGuide/Info.plist;
				LD_RUNPATH_SEARCH_PATHS = "$(inherited) @executable_path/Frameworks";
				PRODUCT_BUNDLE_IDENTIFIER = com.alina.movieGuide;
				PRODUCT_NAME = "$(TARGET_NAME)";
				SWIFT_VERSION = 3.0;
			};
			name = Debug;
		};
		CD21A5E71EFB120200673AE9 /* Release */ = {
			isa = XCBuildConfiguration;
			baseConfigurationReference = 69D9B3373244D70336A05160 /* Pods-movieGuide.release.xcconfig */;
			buildSettings = {
				ASSETCATALOG_COMPILER_APPICON_NAME = AppIcon;
				INFOPLIST_FILE = movieGuide/Info.plist;
				LD_RUNPATH_SEARCH_PATHS = "$(inherited) @executable_path/Frameworks";
				PRODUCT_BUNDLE_IDENTIFIER = com.alina.movieGuide;
				PRODUCT_NAME = "$(TARGET_NAME)";
				SWIFT_VERSION = 3.0;
			};
			name = Release;
		};
		CD21A5E91EFB120200673AE9 /* Debug */ = {
			isa = XCBuildConfiguration;
			baseConfigurationReference = 891A04323FA12D4C6420DBC6 /* Pods-movieGuideTests.debug.xcconfig */;
			buildSettings = {
				ALWAYS_EMBED_SWIFT_STANDARD_LIBRARIES = YES;
				BUNDLE_LOADER = "$(TEST_HOST)";
				INFOPLIST_FILE = movieGuideTests/Info.plist;
				LD_RUNPATH_SEARCH_PATHS = "$(inherited) @executable_path/Frameworks @loader_path/Frameworks";
				PRODUCT_BUNDLE_IDENTIFIER = com.alina.movieGuideTests;
				PRODUCT_NAME = "$(TARGET_NAME)";
				SWIFT_VERSION = 3.0;
				TEST_HOST = "$(BUILT_PRODUCTS_DIR)/movieGuide.app/movieGuide";
			};
			name = Debug;
		};
		CD21A5EA1EFB120200673AE9 /* Release */ = {
			isa = XCBuildConfiguration;
			baseConfigurationReference = 90BC00EA7072B4D09842D93C /* Pods-movieGuideTests.release.xcconfig */;
			buildSettings = {
				ALWAYS_EMBED_SWIFT_STANDARD_LIBRARIES = YES;
				BUNDLE_LOADER = "$(TEST_HOST)";
				INFOPLIST_FILE = movieGuideTests/Info.plist;
				LD_RUNPATH_SEARCH_PATHS = "$(inherited) @executable_path/Frameworks @loader_path/Frameworks";
				PRODUCT_BUNDLE_IDENTIFIER = com.alina.movieGuideTests;
				PRODUCT_NAME = "$(TARGET_NAME)";
				SWIFT_VERSION = 3.0;
				TEST_HOST = "$(BUILT_PRODUCTS_DIR)/movieGuide.app/movieGuide";
			};
			name = Release;
		};
		CD21A5EC1EFB120200673AE9 /* Debug */ = {
			isa = XCBuildConfiguration;
			baseConfigurationReference = 8BEAFA633147BE7CA4256030 /* Pods-movieGuideUITests.debug.xcconfig */;
			buildSettings = {
				ALWAYS_EMBED_SWIFT_STANDARD_LIBRARIES = YES;
				INFOPLIST_FILE = movieGuideUITests/Info.plist;
				LD_RUNPATH_SEARCH_PATHS = "$(inherited) @executable_path/Frameworks @loader_path/Frameworks";
				PRODUCT_BUNDLE_IDENTIFIER = com.alina.movieGuideUITests;
				PRODUCT_NAME = "$(TARGET_NAME)";
				SWIFT_VERSION = 3.0;
				TEST_TARGET_NAME = movieGuide;
			};
			name = Debug;
		};
		CD21A5ED1EFB120200673AE9 /* Release */ = {
			isa = XCBuildConfiguration;
			baseConfigurationReference = 0452E301DC8511D28B9233EB /* Pods-movieGuideUITests.release.xcconfig */;
			buildSettings = {
				ALWAYS_EMBED_SWIFT_STANDARD_LIBRARIES = YES;
				INFOPLIST_FILE = movieGuideUITests/Info.plist;
				LD_RUNPATH_SEARCH_PATHS = "$(inherited) @executable_path/Frameworks @loader_path/Frameworks";
				PRODUCT_BUNDLE_IDENTIFIER = com.alina.movieGuideUITests;
				PRODUCT_NAME = "$(TARGET_NAME)";
				SWIFT_VERSION = 3.0;
				TEST_TARGET_NAME = movieGuide;
			};
			name = Release;
		};
/* End XCBuildConfiguration section */

/* Begin XCConfigurationList section */
		CD21A5B81EFB120100673AE9 /* Build configuration list for PBXProject "movieGuide" */ = {
			isa = XCConfigurationList;
			buildConfigurations = (
				CD21A5E31EFB120200673AE9 /* Debug */,
				CD21A5E41EFB120200673AE9 /* Release */,
			);
			defaultConfigurationIsVisible = 0;
			defaultConfigurationName = Release;
		};
		CD21A5E51EFB120200673AE9 /* Build configuration list for PBXNativeTarget "movieGuide" */ = {
			isa = XCConfigurationList;
			buildConfigurations = (
				CD21A5E61EFB120200673AE9 /* Debug */,
				CD21A5E71EFB120200673AE9 /* Release */,
			);
			defaultConfigurationIsVisible = 0;
			defaultConfigurationName = Release;
		};
		CD21A5E81EFB120200673AE9 /* Build configuration list for PBXNativeTarget "movieGuideTests" */ = {
			isa = XCConfigurationList;
			buildConfigurations = (
				CD21A5E91EFB120200673AE9 /* Debug */,
				CD21A5EA1EFB120200673AE9 /* Release */,
			);
			defaultConfigurationIsVisible = 0;
			defaultConfigurationName = Release;
		};
		CD21A5EB1EFB120200673AE9 /* Build configuration list for PBXNativeTarget "movieGuideUITests" */ = {
			isa = XCConfigurationList;
			buildConfigurations = (
				CD21A5EC1EFB120200673AE9 /* Debug */,
				CD21A5ED1EFB120200673AE9 /* Release */,
			);
			defaultConfigurationIsVisible = 0;
			defaultConfigurationName = Release;
		};
/* End XCConfigurationList section */
	};
	rootObject = CD21A5B51EFB120100673AE9 /* Project object */;
}
